
Microsoft Visual Studio Solution File, Format Version 12.00
# Visual Studio 15
VisualStudioVersion = 15.0.27004.2009
MinimumVisualStudioVersion = 10.0.40219.1
Project("{FAE04EC0-301F-11D3-BF4B-00C04F79EFBC}") = "NLayer.NET.DAL", "NLayer.NET.DBL\NLayer.NET.DAL.csproj", "{23B32CAA-B32F-47A0-B99F-682A07E27721}"
EndProject
Project("{FAE04EC0-301F-11D3-BF4B-00C04F79EFBC}") = "NLayer.NET.BLL", "NLayer.NET.BLL\NLayer.NET.BLL.csproj", "{6CFDEB6D-DD02-42E3-A44A-82C35E248C1D}"
EndProject
Project("{FAE04EC0-301F-11D3-BF4B-00C04F79EFBC}") = "NLayer.Common", "NLayer.NET.Common\NLayer.Common.csproj", "{7B311616-843D-42C6-83C0-25243FE70CA1}"
EndProject
Project("{FAE04EC0-301F-11D3-BF4B-00C04F79EFBC}") = "NLayer.NET.PL", "NLayer.NET.PL\NLayer.NET.PL.csproj", "{F9B886F3-27BD-4609-BCD1-3539F05F67E8}"
EndProject
Project("{FAE04EC0-301F-11D3-BF4B-00C04F79EFBC}") = "NLayer.NET.PL.API", "NLayer.NET.PL.API\NLayer.NET.PL.API.csproj", "{08402855-7AEA-4F97-8E1F-BA2225F09B2E}"
EndProject
Project("{2150E333-8FDC-42A3-9474-1A3956D46DE8}") = "Core", "Core", "{B9B4311B-5058-4BAB-B954-74ABF027178E}"
EndProject
Project("{2150E333-8FDC-42A3-9474-1A3956D46DE8}") = "Infrastructure", "Infrastructure", "{22C65AA8-A67B-41D8-B65E-930695836B15}"
EndProject
Project("{2150E333-8FDC-42A3-9474-1A3956D46DE8}") = "Presentation", "Presentation", "{994AE58A-A14C-4FC8-8C69-416871D54C6D}"
EndProject
Project("{2150E333-8FDC-42A3-9474-1A3956D46DE8}") = "Tests", "Tests", "{8C25040A-43DF-4D0F-BAA6-2486F460AA82}"
EndProject
Project("{FAE04EC0-301F-11D3-BF4B-00C04F79EFBC}") = "NLayer.DataAccess.DB", "NLayer.DataAccess.DB\NLayer.DataAccess.DB.csproj", "{483B6506-BAF2-4C7C-9E34-188F59D9DCF0}"
EndProject
Project("{FAE04EC0-301F-11D3-BF4B-00C04F79EFBC}") = "NLayer.DataAccess.DB.EF", "NLayer.DataAccess.DB.EF\NLayer.DataAccess.DB.EF.csproj", "{DDFF92E6-00A1-4202-8930-1E3DEDFE99C6}"
EndProject
Project("{FAE04EC0-301F-11D3-BF4B-00C04F79EFBC}") = "NLayer.DataAccess.DB.EF.Extensions", "NLayer.DataAccess.DB.EF.Extensions\NLayer.DataAccess.DB.EF.Extensions.csproj", "{02FFC82C-C57A-482E-A4B8-8171B2AD2EC8}"
EndProject
Project("{FAE04EC0-301F-11D3-BF4B-00C04F79EFBC}") = "NLayer.Logging", "NLayer.Logging\NLayer.Logging.csproj", "{C548F3F1-AFFF-4AA2-BFEE-74A6A710B644}"
EndProject
Project("{FAE04EC0-301F-11D3-BF4B-00C04F79EFBC}") = "NLayer.Logging.NLog", "NLayer.Logging.NLog\NLayer.Logging.NLog.csproj", "{9169C956-F577-4B69-BB8A-34B7574A5DFD}"
EndProject
Global
	GlobalSection(SolutionConfigurationPlatforms) = preSolution
		Debug|Any CPU = Debug|Any CPU
		Release|Any CPU = Release|Any CPU
	EndGlobalSection
	GlobalSection(ProjectConfigurationPlatforms) = postSolution
		{23B32CAA-B32F-47A0-B99F-682A07E27721}.Debug|Any CPU.ActiveCfg = Debug|Any CPU
		{23B32CAA-B32F-47A0-B99F-682A07E27721}.Debug|Any CPU.Build.0 = Debug|Any CPU
		{23B32CAA-B32F-47A0-B99F-682A07E27721}.Release|Any CPU.ActiveCfg = Release|Any CPU
		{23B32CAA-B32F-47A0-B99F-682A07E27721}.Release|Any CPU.Build.0 = Release|Any CPU
		{6CFDEB6D-DD02-42E3-A44A-82C35E248C1D}.Debug|Any CPU.ActiveCfg = Debug|Any CPU
		{6CFDEB6D-DD02-42E3-A44A-82C35E248C1D}.Debug|Any CPU.Build.0 = Debug|Any CPU
		{6CFDEB6D-DD02-42E3-A44A-82C35E248C1D}.Release|Any CPU.ActiveCfg = Release|Any CPU
		{6CFDEB6D-DD02-42E3-A44A-82C35E248C1D}.Release|Any CPU.Build.0 = Release|Any CPU
		{7B311616-843D-42C6-83C0-25243FE70CA1}.Debug|Any CPU.ActiveCfg = Debug|Any CPU
		{7B311616-843D-42C6-83C0-25243FE70CA1}.Debug|Any CPU.Build.0 = Debug|Any CPU
		{7B311616-843D-42C6-83C0-25243FE70CA1}.Release|Any CPU.ActiveCfg = Release|Any CPU
		{7B311616-843D-42C6-83C0-25243FE70CA1}.Release|Any CPU.Build.0 = Release|Any CPU
		{F9B886F3-27BD-4609-BCD1-3539F05F67E8}.Debug|Any CPU.ActiveCfg = Debug|Any CPU
		{F9B886F3-27BD-4609-BCD1-3539F05F67E8}.Debug|Any CPU.Build.0 = Debug|Any CPU
		{F9B886F3-27BD-4609-BCD1-3539F05F67E8}.Release|Any CPU.ActiveCfg = Release|Any CPU
		{F9B886F3-27BD-4609-BCD1-3539F05F67E8}.Release|Any CPU.Build.0 = Release|Any CPU
		{08402855-7AEA-4F97-8E1F-BA2225F09B2E}.Debug|Any CPU.ActiveCfg = Debug|Any CPU
		{08402855-7AEA-4F97-8E1F-BA2225F09B2E}.Debug|Any CPU.Build.0 = Debug|Any CPU
		{08402855-7AEA-4F97-8E1F-BA2225F09B2E}.Release|Any CPU.ActiveCfg = Release|Any CPU
		{08402855-7AEA-4F97-8E1F-BA2225F09B2E}.Release|Any CPU.Build.0 = Release|Any CPU
		{483B6506-BAF2-4C7C-9E34-188F59D9DCF0}.Debug|Any CPU.ActiveCfg = Debug|Any CPU
		{483B6506-BAF2-4C7C-9E34-188F59D9DCF0}.Debug|Any CPU.Build.0 = Debug|Any CPU
		{483B6506-BAF2-4C7C-9E34-188F59D9DCF0}.Release|Any CPU.ActiveCfg = Release|Any CPU
		{483B6506-BAF2-4C7C-9E34-188F59D9DCF0}.Release|Any CPU.Build.0 = Release|Any CPU
		{DDFF92E6-00A1-4202-8930-1E3DEDFE99C6}.Debug|Any CPU.ActiveCfg = Debug|Any CPU
		{DDFF92E6-00A1-4202-8930-1E3DEDFE99C6}.Debug|Any CPU.Build.0 = Debug|Any CPU
		{DDFF92E6-00A1-4202-8930-1E3DEDFE99C6}.Release|Any CPU.ActiveCfg = Release|Any CPU
		{DDFF92E6-00A1-4202-8930-1E3DEDFE99C6}.Release|Any CPU.Build.0 = Release|Any CPU
		{02FFC82C-C57A-482E-A4B8-8171B2AD2EC8}.Debug|Any CPU.ActiveCfg = Debug|Any CPU
		{02FFC82C-C57A-482E-A4B8-8171B2AD2EC8}.Debug|Any CPU.Build.0 = Debug|Any CPU
		{02FFC82C-C57A-482E-A4B8-8171B2AD2EC8}.Release|Any CPU.ActiveCfg = Release|Any CPU
		{02FFC82C-C57A-482E-A4B8-8171B2AD2EC8}.Release|Any CPU.Build.0 = Release|Any CPU
		{C548F3F1-AFFF-4AA2-BFEE-74A6A710B644}.Debug|Any CPU.ActiveCfg = Debug|Any CPU
		{C548F3F1-AFFF-4AA2-BFEE-74A6A710B644}.Debug|Any CPU.Build.0 = Debug|Any CPU
		{C548F3F1-AFFF-4AA2-BFEE-74A6A710B644}.Release|Any CPU.ActiveCfg = Release|Any CPU
		{C548F3F1-AFFF-4AA2-BFEE-74A6A710B644}.Release|Any CPU.Build.0 = Release|Any CPU
		{9169C956-F577-4B69-BB8A-34B7574A5DFD}.Debug|Any CPU.ActiveCfg = Debug|Any CPU
		{9169C956-F577-4B69-BB8A-34B7574A5DFD}.Debug|Any CPU.Build.0 = Debug|Any CPU
		{9169C956-F577-4B69-BB8A-34B7574A5DFD}.Release|Any CPU.ActiveCfg = Release|Any CPU
		{9169C956-F577-4B69-BB8A-34B7574A5DFD}.Release|Any CPU.Build.0 = Release|Any CPU
	EndGlobalSection
	GlobalSection(SolutionProperties) = preSolution
		HideSolutionNode = FALSE
	EndGlobalSection
	GlobalSection(NestedProjects) = preSolution
		{23B32CAA-B32F-47A0-B99F-682A07E27721} = {B9B4311B-5058-4BAB-B954-74ABF027178E}
		{6CFDEB6D-DD02-42E3-A44A-82C35E248C1D} = {B9B4311B-5058-4BAB-B954-74ABF027178E}
		{7B311616-843D-42C6-83C0-25243FE70CA1} = {B9B4311B-5058-4BAB-B954-74ABF027178E}
		{F9B886F3-27BD-4609-BCD1-3539F05F67E8} = {994AE58A-A14C-4FC8-8C69-416871D54C6D}
		{08402855-7AEA-4F97-8E1F-BA2225F09B2E} = {994AE58A-A14C-4FC8-8C69-416871D54C6D}
		{483B6506-BAF2-4C7C-9E34-188F59D9DCF0} = {22C65AA8-A67B-41D8-B65E-930695836B15}
		{DDFF92E6-00A1-4202-8930-1E3DEDFE99C6} = {22C65AA8-A67B-41D8-B65E-930695836B15}
		{02FFC82C-C57A-482E-A4B8-8171B2AD2EC8} = {22C65AA8-A67B-41D8-B65E-930695836B15}
		{C548F3F1-AFFF-4AA2-BFEE-74A6A710B644} = {22C65AA8-A67B-41D8-B65E-930695836B15}
		{9169C956-F577-4B69-BB8A-34B7574A5DFD} = {22C65AA8-A67B-41D8-B65E-930695836B15}
	EndGlobalSection
	GlobalSection(ExtensibilityGlobals) = postSolution
		SolutionGuid = {E0BE51A0-075A-41A7-A24F-312144FEA033}
	EndGlobalSection
EndGlobal
