
Microsoft Visual Studio Solution File, Format Version 12.00
# Visual Studio 14
VisualStudioVersion = 14.0.25420.1
MinimumVisualStudioVersion = 10.0.40219.1
Project("{FAE04EC0-301F-11D3-BF4B-00C04F79EFBC}") = "NLayer.NET.DAL", "NLayer.NET.DBL\NLayer.NET.DAL.csproj", "{23B32CAA-B32F-47A0-B99F-682A07E27721}"
EndProject
Project("{FAE04EC0-301F-11D3-BF4B-00C04F79EFBC}") = "NLayer.NET.BLL", "NLayer.NET.BLL\NLayer.NET.BLL.csproj", "{6CFDEB6D-DD02-42E3-A44A-82C35E248C1D}"
EndProject
Project("{FAE04EC0-301F-11D3-BF4B-00C04F79EFBC}") = "NLayer.NET.PL", "NLayer.NET.PL\NLayer.NET.PL.csproj", "{BF4534BC-BD00-4CE1-B0AF-5621EB1EF7B3}"
EndProject
Project("{FAE04EC0-301F-11D3-BF4B-00C04F79EFBC}") = "NLayer.NET.Core", "NLayer.NET.Core\NLayer.NET.Core.csproj", "{77EF44B3-E936-4044-BECE-C076DFF69541}"
EndProject
Global
	GlobalSection(SolutionConfigurationPlatforms) = preSolution
		Debug|Any CPU = Debug|Any CPU
		Release|Any CPU = Release|Any CPU
	EndGlobalSection
	GlobalSection(ProjectConfigurationPlatforms) = postSolution
		{23B32CAA-B32F-47A0-B99F-682A07E27721}.Debug|Any CPU.ActiveCfg = Debug|Any CPU
		{23B32CAA-B32F-47A0-B99F-682A07E27721}.Debug|Any CPU.Build.0 = Debug|Any CPU
		{23B32CAA-B32F-47A0-B99F-682A07E27721}.Release|Any CPU.ActiveCfg = Release|Any CPU
		{23B32CAA-B32F-47A0-B99F-682A07E27721}.Release|Any CPU.Build.0 = Release|Any CPU
		{6CFDEB6D-DD02-42E3-A44A-82C35E248C1D}.Debug|Any CPU.ActiveCfg = Debug|Any CPU
		{6CFDEB6D-DD02-42E3-A44A-82C35E248C1D}.Debug|Any CPU.Build.0 = Debug|Any CPU
		{6CFDEB6D-DD02-42E3-A44A-82C35E248C1D}.Release|Any CPU.ActiveCfg = Release|Any CPU
		{6CFDEB6D-DD02-42E3-A44A-82C35E248C1D}.Release|Any CPU.Build.0 = Release|Any CPU
		{BF4534BC-BD00-4CE1-B0AF-5621EB1EF7B3}.Debug|Any CPU.ActiveCfg = Debug|Any CPU
		{BF4534BC-BD00-4CE1-B0AF-5621EB1EF7B3}.Debug|Any CPU.Build.0 = Debug|Any CPU
		{BF4534BC-BD00-4CE1-B0AF-5621EB1EF7B3}.Release|Any CPU.ActiveCfg = Release|Any CPU
		{BF4534BC-BD00-4CE1-B0AF-5621EB1EF7B3}.Release|Any CPU.Build.0 = Release|Any CPU
		{77EF44B3-E936-4044-BECE-C076DFF69541}.Debug|Any CPU.ActiveCfg = Debug|Any CPU
		{77EF44B3-E936-4044-BECE-C076DFF69541}.Debug|Any CPU.Build.0 = Debug|Any CPU
		{77EF44B3-E936-4044-BECE-C076DFF69541}.Release|Any CPU.ActiveCfg = Release|Any CPU
		{77EF44B3-E936-4044-BECE-C076DFF69541}.Release|Any CPU.Build.0 = Release|Any CPU
	EndGlobalSection
	GlobalSection(SolutionProperties) = preSolution
		HideSolutionNode = FALSE
	EndGlobalSection
EndGlobal
