
Microsoft Visual Studio Solution File, Format Version 12.00
# Visual Studio 14
VisualStudioVersion = 14.0.25420.1
MinimumVisualStudioVersion = 10.0.40219.1
Project("{FAE04EC0-301F-11D3-BF4B-00C04F79EFBC}") = "NLayer.NET.DAL", "NLayer.NET.DBL\NLayer.NET.DAL.csproj", "{23B32CAA-B32F-47A0-B99F-682A07E27721}"
EndProject
Project("{FAE04EC0-301F-11D3-BF4B-00C04F79EFBC}") = "NLayer.NET.BLL", "NLayer.NET.BLL\NLayer.NET.BLL.csproj", "{6CFDEB6D-DD02-42E3-A44A-82C35E248C1D}"
EndProject
Project("{FAE04EC0-301F-11D3-BF4B-00C04F79EFBC}") = "NLayer.NET.Common", "NLayer.NET.Common\NLayer.NET.Common.csproj", "{7B311616-843D-42C6-83C0-25243FE70CA1}"
EndProject
Project("{FAE04EC0-301F-11D3-BF4B-00C04F79EFBC}") = "NLayer.NET.PL", "NLayer.NET.PL\NLayer.NET.PL.csproj", "{F9B886F3-27BD-4609-BCD1-3539F05F67E8}"
EndProject
Project("{FAE04EC0-301F-11D3-BF4B-00C04F79EFBC}") = "NLayer.NET.PL.API", "NLayer.NET.PL.API\NLayer.NET.PL.API.csproj", "{08402855-7AEA-4F97-8E1F-BA2225F09B2E}"
EndProject
Global
	GlobalSection(SolutionConfigurationPlatforms) = preSolution
		Debug|Any CPU = Debug|Any CPU
		Release|Any CPU = Release|Any CPU
	EndGlobalSection
	GlobalSection(ProjectConfigurationPlatforms) = postSolution
		{23B32CAA-B32F-47A0-B99F-682A07E27721}.Debug|Any CPU.ActiveCfg = Debug|Any CPU
		{23B32CAA-B32F-47A0-B99F-682A07E27721}.Debug|Any CPU.Build.0 = Debug|Any CPU
		{23B32CAA-B32F-47A0-B99F-682A07E27721}.Release|Any CPU.ActiveCfg = Release|Any CPU
		{23B32CAA-B32F-47A0-B99F-682A07E27721}.Release|Any CPU.Build.0 = Release|Any CPU
		{6CFDEB6D-DD02-42E3-A44A-82C35E248C1D}.Debug|Any CPU.ActiveCfg = Debug|Any CPU
		{6CFDEB6D-DD02-42E3-A44A-82C35E248C1D}.Debug|Any CPU.Build.0 = Debug|Any CPU
		{6CFDEB6D-DD02-42E3-A44A-82C35E248C1D}.Release|Any CPU.ActiveCfg = Release|Any CPU
		{6CFDEB6D-DD02-42E3-A44A-82C35E248C1D}.Release|Any CPU.Build.0 = Release|Any CPU
		{7B311616-843D-42C6-83C0-25243FE70CA1}.Debug|Any CPU.ActiveCfg = Debug|Any CPU
		{7B311616-843D-42C6-83C0-25243FE70CA1}.Debug|Any CPU.Build.0 = Debug|Any CPU
		{7B311616-843D-42C6-83C0-25243FE70CA1}.Release|Any CPU.ActiveCfg = Release|Any CPU
		{7B311616-843D-42C6-83C0-25243FE70CA1}.Release|Any CPU.Build.0 = Release|Any CPU
		{F9B886F3-27BD-4609-BCD1-3539F05F67E8}.Debug|Any CPU.ActiveCfg = Debug|Any CPU
		{F9B886F3-27BD-4609-BCD1-3539F05F67E8}.Debug|Any CPU.Build.0 = Debug|Any CPU
		{F9B886F3-27BD-4609-BCD1-3539F05F67E8}.Release|Any CPU.ActiveCfg = Release|Any CPU
		{F9B886F3-27BD-4609-BCD1-3539F05F67E8}.Release|Any CPU.Build.0 = Release|Any CPU
		{08402855-7AEA-4F97-8E1F-BA2225F09B2E}.Debug|Any CPU.ActiveCfg = Debug|Any CPU
		{08402855-7AEA-4F97-8E1F-BA2225F09B2E}.Debug|Any CPU.Build.0 = Debug|Any CPU
		{08402855-7AEA-4F97-8E1F-BA2225F09B2E}.Release|Any CPU.ActiveCfg = Release|Any CPU
		{08402855-7AEA-4F97-8E1F-BA2225F09B2E}.Release|Any CPU.Build.0 = Release|Any CPU
	EndGlobalSection
	GlobalSection(SolutionProperties) = preSolution
		HideSolutionNode = FALSE
	EndGlobalSection
EndGlobal
